PODS:
  - Alamofire (5.0.4)
  - GoogleMaps (3.8.0):
    - GoogleMaps/Maps (= 3.8.0)
  - GoogleMaps/Base (3.8.0)
  - GoogleMaps/Maps (3.8.0):
    - GoogleMaps/Base
  - GooglePlaces (3.8.0):
    - GoogleMaps/Base (= 3.8.0)
  - SwiftyJSON (5.0.0)

DEPENDENCIES:
  - Alamofire
  - GoogleMaps
  - GooglePlaces
  - SwiftyJSON

SPEC REPOS:
  https://github.com/cocoapods/specs.git:
    - Alamofire
    - GoogleMaps
    - GooglePlaces
    - SwiftyJSON

SPEC CHECKSUMS:
  Alamofire: 0fe5fd24b4298dc377a6550da7d5f1b30e286fcb
  GoogleMaps: 7c8d66d70e4e8c300f43a7219d8fdaad7b325a9a
  GooglePlaces: d5f70c3e9e427964fdeca1301a665d276ccd8754
  SwiftyJSON: 36413e04c44ee145039d332b4f4e2d3e8d6c4db7

PODFILE CHECKSUM: af4b96c9827b836dbe4925be81dcfd6ed79f13d5

COCOAPODS: 1.6.1
